
Microsoft Visual Studio Solution File, Format Version 12.00
# Visual Studio Version 17
VisualStudioVersion = 17.5.33627.172
MinimumVisualStudioVersion = 10.0.40219.1
Project("{FAE04EC0-301F-11D3-BF4B-00C04F79EFBC}") = "Student_teacher_WebApp", "Student_teacher_WebApp\Student_teacher_WebApp.csproj", "{D98AD892-A79C-491C-BB47-F0F2E72C8F2C}"
EndProject
Project("{FAE04EC0-301F-11D3-BF4B-00C04F79EFBC}") = "STTEWebApp", "STTEWebApp\STTEWebApp.csproj", "{FBCA3410-5177-48C4-AFB0-90EE2A1C73DC}"
EndProject
Global
	GlobalSection(SolutionConfigurationPlatforms) = preSolution
		Debug|Any CPU = Debug|Any CPU
		Release|Any CPU = Release|Any CPU
	EndGlobalSection
	GlobalSection(ProjectConfigurationPlatforms) = postSolution
		{D98AD892-A79C-491C-BB47-F0F2E72C8F2C}.Debug|Any CPU.ActiveCfg = Debug|Any CPU
		{D98AD892-A79C-491C-BB47-F0F2E72C8F2C}.Debug|Any CPU.Build.0 = Debug|Any CPU
		{D98AD892-A79C-491C-BB47-F0F2E72C8F2C}.Release|Any CPU.ActiveCfg = Release|Any CPU
		{D98AD892-A79C-491C-BB47-F0F2E72C8F2C}.Release|Any CPU.Build.0 = Release|Any CPU
		{FBCA3410-5177-48C4-AFB0-90EE2A1C73DC}.Debug|Any CPU.ActiveCfg = Debug|Any CPU
		{FBCA3410-5177-48C4-AFB0-90EE2A1C73DC}.Debug|Any CPU.Build.0 = Debug|Any CPU
		{FBCA3410-5177-48C4-AFB0-90EE2A1C73DC}.Release|Any CPU.ActiveCfg = Release|Any CPU
		{FBCA3410-5177-48C4-AFB0-90EE2A1C73DC}.Release|Any CPU.Build.0 = Release|Any CPU
	EndGlobalSection
	GlobalSection(SolutionProperties) = preSolution
		HideSolutionNode = FALSE
	EndGlobalSection
	GlobalSection(ExtensibilityGlobals) = postSolution
		SolutionGuid = {88CD76CC-2F38-4FEC-953B-41F9012F5CDB}
	EndGlobalSection
EndGlobal
